
Microsoft Visual Studio Solution File, Format Version 12.00
# Visual Studio 2017
Project("{FAE04EC0-301F-11D3-BF4B-00C04F79EFBC}") = "ReallyLongName", "ReallyLongName.csproj", "{D0151EA8-C044-1A68-8A27-C75D8819A361}"
EndProject
Global
	GlobalSection(SolutionConfigurationPlatforms) = preSolution
		Debug|Any CPU = Debug|Any CPU
		Release|Any CPU = Release|Any CPU
	EndGlobalSection
	GlobalSection(ProjectConfigurationPlatforms) = postSolution
		{D0151EA8-C044-1A68-8A27-C75D8819A361}.Debug|Any CPU.ActiveCfg = Debug|Any CPU
		{D0151EA8-C044-1A68-8A27-C75D8819A361}.Debug|Any CPU.Build.0 = Debug|Any CPU
		{D0151EA8-C044-1A68-8A27-C75D8819A361}.Release|Any CPU.ActiveCfg = Release|Any CPU
		{D0151EA8-C044-1A68-8A27-C75D8819A361}.Release|Any CPU.Build.0 = Release|Any CPU
	EndGlobalSection
	GlobalSection(SolutionProperties) = preSolution
		HideSolutionNode = FALSE
	EndGlobalSection
EndGlobal
